
Microsoft Visual Studio Solution File, Format Version 12.00
# Visual Studio 15
VisualStudioVersion = 15.0.28010.2016
MinimumVisualStudioVersion = 10.0.40219.1
Project("{8BC9CEB8-8B4A-11D0-8D11-00A0C91BC942}") = "P1", "P1.vcxproj", "{64B9AD13-4052-4BBC-8147-B34D66E58171}"
EndProject
Global
	GlobalSection(SolutionConfigurationPlatforms) = preSolution
		Debug|x64 = Debug|x64
		Debug|x86 = Debug|x86
		Release|x64 = Release|x64
		Release|x86 = Release|x86
	EndGlobalSection
	GlobalSection(ProjectConfigurationPlatforms) = postSolution
		{64B9AD13-4052-4BBC-8147-B34D66E58171}.Debug|x64.ActiveCfg = Debug|x64
		{64B9AD13-4052-4BBC-8147-B34D66E58171}.Debug|x64.Build.0 = Debug|x64
		{64B9AD13-4052-4BBC-8147-B34D66E58171}.Debug|x86.ActiveCfg = Debug|Win32
		{64B9AD13-4052-4BBC-8147-B34D66E58171}.Debug|x86.Build.0 = Debug|Win32
		{64B9AD13-4052-4BBC-8147-B34D66E58171}.Release|x64.ActiveCfg = Release|x64
		{64B9AD13-4052-4BBC-8147-B34D66E58171}.Release|x64.Build.0 = Release|x64
		{64B9AD13-4052-4BBC-8147-B34D66E58171}.Release|x86.ActiveCfg = Release|Win32
		{64B9AD13-4052-4BBC-8147-B34D66E58171}.Release|x86.Build.0 = Release|Win32
	EndGlobalSection
	GlobalSection(SolutionProperties) = preSolution
		HideSolutionNode = FALSE
	EndGlobalSection
	GlobalSection(ExtensibilityGlobals) = postSolution
		SolutionGuid = {967E9CA1-341E-43E7-8828-29FD9F37CCFB}
	EndGlobalSection
EndGlobal
